
Microsoft Visual Studio Solution File, Format Version 12.00
# Visual Studio Version 17
VisualStudioVersion = 17.0.31912.275
MinimumVisualStudioVersion = 10.0.40219.1
Project("{888888A0-9F3D-457C-B088-3A5042F75D52}") = "DES Encrypter", "DES Encrypter.pyproj", "{6A7BB7E0-342F-4FEA-B737-004E486B52BD}"
EndProject
Global
	GlobalSection(SolutionConfigurationPlatforms) = preSolution
		Debug|Any CPU = Debug|Any CPU
		Release|Any CPU = Release|Any CPU
	EndGlobalSection
	GlobalSection(ProjectConfigurationPlatforms) = postSolution
		{6A7BB7E0-342F-4FEA-B737-004E486B52BD}.Debug|Any CPU.ActiveCfg = Debug|Any CPU
		{6A7BB7E0-342F-4FEA-B737-004E486B52BD}.Release|Any CPU.ActiveCfg = Release|Any CPU
	EndGlobalSection
	GlobalSection(SolutionProperties) = preSolution
		HideSolutionNode = FALSE
	EndGlobalSection
	GlobalSection(ExtensibilityGlobals) = postSolution
		SolutionGuid = {0C6E904F-5886-4911-994D-1A99D75CDF20}
	EndGlobalSection
EndGlobal
